{
  "originHash" : "f163ad46bb0faeb6d16e1d8a934e180d609f0264386fe86a084d6509370e02f9",
  "pins" : [
    {
      "identity" : "capacitor-swift-pm",
      "kind" : "remoteSourceControl",
      "location" : "https://github.com/ionic-team/capacitor-swift-pm.git",
      "state" : {
        "revision" : "0b6882e9a3288342aacf36348e5a94e4f1dd7b13",
        "version" : "8.5.2"
      }
    }
  ],
  "version" : 3
}
